
Microsoft Visual Studio Solution File, Format Version 12.00
# Visual Studio Version 17
VisualStudioVersion = 17.9.34728.123
MinimumVisualStudioVersion = 10.0.40219.1
Project("{8BC9CEB8-8B4A-11D0-8D11-00A0C91BC942}") = "template", "template\template.vcxproj", "{06F357D4-2016-4934-B50E-BDE864963BDA}"
EndProject
Project("{8BC9CEB8-8B4A-11D0-8D11-00A0C91BC942}") = "triangle", "triangle\triangle.vcxproj", "{82E76F43-1C8E-4B2F-81F1-8C5EDEF42C6A}"
EndProject
Project("{2150E333-8FDC-42A3-9474-1A3956D46DE8}") = "basic", "basic", "{407D2605-BB59-4D2A-A144-DE5DF543A3B3}"
EndProject
Global
	GlobalSection(SolutionConfigurationPlatforms) = preSolution
		Debug|x64 = Debug|x64
		Debug|x86 = Debug|x86
		Release|x64 = Release|x64
		Release|x86 = Release|x86
	EndGlobalSection
	GlobalSection(ProjectConfigurationPlatforms) = postSolution
		{06F357D4-2016-4934-B50E-BDE864963BDA}.Debug|x64.ActiveCfg = Debug|x64
		{06F357D4-2016-4934-B50E-BDE864963BDA}.Debug|x64.Build.0 = Debug|x64
		{06F357D4-2016-4934-B50E-BDE864963BDA}.Debug|x86.ActiveCfg = Debug|Win32
		{06F357D4-2016-4934-B50E-BDE864963BDA}.Debug|x86.Build.0 = Debug|Win32
		{06F357D4-2016-4934-B50E-BDE864963BDA}.Release|x64.ActiveCfg = Release|x64
		{06F357D4-2016-4934-B50E-BDE864963BDA}.Release|x64.Build.0 = Release|x64
		{06F357D4-2016-4934-B50E-BDE864963BDA}.Release|x86.ActiveCfg = Release|Win32
		{06F357D4-2016-4934-B50E-BDE864963BDA}.Release|x86.Build.0 = Release|Win32
		{82E76F43-1C8E-4B2F-81F1-8C5EDEF42C6A}.Debug|x64.ActiveCfg = Debug|x64
		{82E76F43-1C8E-4B2F-81F1-8C5EDEF42C6A}.Debug|x64.Build.0 = Debug|x64
		{82E76F43-1C8E-4B2F-81F1-8C5EDEF42C6A}.Debug|x86.ActiveCfg = Debug|Win32
		{82E76F43-1C8E-4B2F-81F1-8C5EDEF42C6A}.Debug|x86.Build.0 = Debug|Win32
		{82E76F43-1C8E-4B2F-81F1-8C5EDEF42C6A}.Release|x64.ActiveCfg = Release|x64
		{82E76F43-1C8E-4B2F-81F1-8C5EDEF42C6A}.Release|x64.Build.0 = Release|x64
		{82E76F43-1C8E-4B2F-81F1-8C5EDEF42C6A}.Release|x86.ActiveCfg = Release|Win32
		{82E76F43-1C8E-4B2F-81F1-8C5EDEF42C6A}.Release|x86.Build.0 = Release|Win32
	EndGlobalSection
	GlobalSection(SolutionProperties) = preSolution
		HideSolutionNode = FALSE
	EndGlobalSection
	GlobalSection(NestedProjects) = preSolution
		{82E76F43-1C8E-4B2F-81F1-8C5EDEF42C6A} = {407D2605-BB59-4D2A-A144-DE5DF543A3B3}
	EndGlobalSection
	GlobalSection(ExtensibilityGlobals) = postSolution
		SolutionGuid = {833D281C-E4E0-44F6-9757-D51626B251A9}
	EndGlobalSection
EndGlobal
